
Microsoft Visual Studio Solution File, Format Version 12.00
# Visual Studio Version 17
VisualStudioVersion = 17.11.35327.3
MinimumVisualStudioVersion = 10.0.40219.1
Project("{9A19103F-16F7-4668-BE54-9A1E7A4F7556}") = "SCBS.Repositories", "SCBS.Repositories\SCBS.Repositories.csproj", "{A3DBF8F1-57A5-472C-A8AD-16FA77AF6230}"
EndProject
Project("{9A19103F-16F7-4668-BE54-9A1E7A4F7556}") = "SCBS.Services", "SCBS.Services\SCBS.Services.csproj", "{CD921D52-EDD4-4AE5-A6D4-BC351D470A84}"
EndProject
Project("{9A19103F-16F7-4668-BE54-9A1E7A4F7556}") = "SCBS.API", "SCBS.API\SCBS.API.csproj", "{6E3FC8D2-7F77-444E-8B68-A85583607B7D}"
EndProject
Project("{FAE04EC0-301F-11D3-BF4B-00C04F79EFBC}") = "SCBS.MVCWebApp", "SCBS.MVCWebApp\SCBS.MVCWebApp.csproj", "{80BD5AB2-6F1A-4B6C-BD20-95D0DAC33E02}"
EndProject
Global
	GlobalSection(SolutionConfigurationPlatforms) = preSolution
		Debug|Any CPU = Debug|Any CPU
		Release|Any CPU = Release|Any CPU
	EndGlobalSection
	GlobalSection(ProjectConfigurationPlatforms) = postSolution
		{A3DBF8F1-57A5-472C-A8AD-16FA77AF6230}.Debug|Any CPU.ActiveCfg = Debug|Any CPU
		{A3DBF8F1-57A5-472C-A8AD-16FA77AF6230}.Debug|Any CPU.Build.0 = Debug|Any CPU
		{A3DBF8F1-57A5-472C-A8AD-16FA77AF6230}.Release|Any CPU.ActiveCfg = Release|Any CPU
		{A3DBF8F1-57A5-472C-A8AD-16FA77AF6230}.Release|Any CPU.Build.0 = Release|Any CPU
		{CD921D52-EDD4-4AE5-A6D4-BC351D470A84}.Debug|Any CPU.ActiveCfg = Debug|Any CPU
		{CD921D52-EDD4-4AE5-A6D4-BC351D470A84}.Debug|Any CPU.Build.0 = Debug|Any CPU
		{CD921D52-EDD4-4AE5-A6D4-BC351D470A84}.Release|Any CPU.ActiveCfg = Release|Any CPU
		{CD921D52-EDD4-4AE5-A6D4-BC351D470A84}.Release|Any CPU.Build.0 = Release|Any CPU
		{6E3FC8D2-7F77-444E-8B68-A85583607B7D}.Debug|Any CPU.ActiveCfg = Debug|Any CPU
		{6E3FC8D2-7F77-444E-8B68-A85583607B7D}.Debug|Any CPU.Build.0 = Debug|Any CPU
		{6E3FC8D2-7F77-444E-8B68-A85583607B7D}.Release|Any CPU.ActiveCfg = Release|Any CPU
		{6E3FC8D2-7F77-444E-8B68-A85583607B7D}.Release|Any CPU.Build.0 = Release|Any CPU
		{80BD5AB2-6F1A-4B6C-BD20-95D0DAC33E02}.Debug|Any CPU.ActiveCfg = Debug|Any CPU
		{80BD5AB2-6F1A-4B6C-BD20-95D0DAC33E02}.Debug|Any CPU.Build.0 = Debug|Any CPU
		{80BD5AB2-6F1A-4B6C-BD20-95D0DAC33E02}.Release|Any CPU.ActiveCfg = Release|Any CPU
		{80BD5AB2-6F1A-4B6C-BD20-95D0DAC33E02}.Release|Any CPU.Build.0 = Release|Any CPU
	EndGlobalSection
	GlobalSection(SolutionProperties) = preSolution
		HideSolutionNode = FALSE
	EndGlobalSection
	GlobalSection(ExtensibilityGlobals) = postSolution
		SolutionGuid = {2ADCD21B-37B0-467F-A809-60DD867030C5}
	EndGlobalSection
EndGlobal
